{
  "name": "ascii_displayer_node",
  "version": "0.1.0",
  "lockfileVersion": 3,
  "requires": true,
  "packages": {
    "": {
      "name": "ascii_displayer_node",
      "version": "0.1.0",
      "license": "MIT",
      "dependencies": {
        "ascii_displayer": "file:../pkg"
      }
    },
    "../pkg": {
      "version": "0.1.0"
    },
    "node_modules/ascii_displayer": {
      "resolved": "../pkg",
      "link": true
    }
  }
}
